// !$*UTF8*$!
{
	archiveVersion = 1;
	classes = {
	};
	objectVersion = 77;
	objects = {

/* Begin PBXBuildFile section */
		A8EFA7572E7BC632007C4D51 /* ContentView.swift in Sources */ = {isa = PBXBuildFile; fileRef = A8EFA7542E7BC632007C4D51 /* ContentView.swift */; };
		A8EFA7582E7BC632007C4D51 /* GitHubRepoViewerApp.swift in Sources */ = {isa = PBXBuildFile; fileRef = A8EFA7552E7BC632007C4D51 /* GitHubRepoViewerApp.swift */; };
		A8EFA7592E7BC632007C4D51 /* Preview Assets.xcassets in Resources */ = {isa = PBXBuildFile; fileRef = A8EFA7512E7BC632007C4D51 /* Preview Assets.xcassets */; };
		A8EFA75A2E7BC632007C4D51 /* Assets.xcassets in Resources */ = {isa = PBXBuildFile; fileRef = A8EFA7532E7BC632007C4D51 /* Assets.xcassets */; };
		A8EFA7602E7BC683007C4D51 /* Repository.swift in Sources */ = {isa = PBXBuildFile; fileRef = A8EFA75F2E7BC678007C4D51 /* Repository.swift */; };
		A8EFA7622E7BC6C9007C4D51 /* GitHubService.swift in Sources */ = {isa = PBXBuildFile; fileRef = A8EFA7612E7BC6C7007C4D51 /* GitHubService.swift */; };
		A8EFA7642E7BC6F7007C4D51 /* RepositoryListViewModel.swift in Sources */ = {isa = PBXBuildFile; fileRef = A8EFA7632E7BC6F5007C4D51 /* RepositoryListViewModel.swift */; };
		A8EFA7662E7BC711007C4D51 /* RepositoryRowView.swift in Sources */ = {isa = PBXBuildFile; fileRef = A8EFA7652E7BC70F007C4D51 /* RepositoryRowView.swift */; };
/* End PBXBuildFile section */

/* Begin PBXContainerItemProxy section */
		A8EFA7342E7BC5A1007C4D51 /* PBXContainerItemProxy */ = {
			isa = PBXContainerItemProxy;
			containerPortal = A8EFA71B2E7BC59C007C4D51 /* Project object */;
			proxyType = 1;
			remoteGlobalIDString = A8EFA7222E7BC59C007C4D51;
			remoteInfo = GitHubRepoViewer;
		};
		A8EFA73E2E7BC5A1007C4D51 /* PBXContainerItemProxy */ = {
			isa = PBXContainerItemProxy;
			containerPortal = A8EFA71B2E7BC59C007C4D51 /* Project object */;
			proxyType = 1;
			remoteGlobalIDString = A8EFA7222E7BC59C007C4D51;
			remoteInfo = GitHubRepoViewer;
		};
/* End PBXContainerItemProxy section */

/* Begin PBXFileReference section */
		A8EFA7232E7BC59C007C4D51 /* GitHubRepoViewer.app */ = {isa = PBXFileReference; explicitFileType = wrapper.application; includeInIndex = 0; path = GitHubRepoViewer.app; sourceTree = BUILT_PRODUCTS_DIR; };
		A8EFA7332E7BC5A1007C4D51 /* GitHubRepoViewerTests.xctest */ = {isa = PBXFileReference; explicitFileType = wrapper.cfbundle; includeInIndex = 0; path = GitHubRepoViewerTests.xctest; sourceTree = BUILT_PRODUCTS_DIR; };
		A8EFA73D2E7BC5A1007C4D51 /* GitHubRepoViewerUITests.xctest */ = {isa = PBXFileReference; explicitFileType = wrapper.cfbundle; includeInIndex = 0; path = GitHubRepoViewerUITests.xctest; sourceTree = BUILT_PRODUCTS_DIR; };
		A8EFA7512E7BC632007C4D51 /* Preview Assets.xcassets */ = {isa = PBXFileReference; lastKnownFileType = folder.assetcatalog; path = "Preview Assets.xcassets"; sourceTree = "<group>"; };
		A8EFA7532E7BC632007C4D51 /* Assets.xcassets */ = {isa = PBXFileReference; lastKnownFileType = folder.assetcatalog; path = Assets.xcassets; sourceTree = "<group>"; };
		A8EFA7542E7BC632007C4D51 /* ContentView.swift */ = {isa = PBXFileReference; lastKnownFileType = sourcecode.swift; path = ContentView.swift; sourceTree = "<group>"; };
		A8EFA7552E7BC632007C4D51 /* GitHubRepoViewerApp.swift */ = {isa = PBXFileReference; lastKnownFileType = sourcecode.swift; path = GitHubRepoViewerApp.swift; sourceTree = "<group>"; };
		A8EFA75F2E7BC678007C4D51 /* Repository.swift */ = {isa = PBXFileReference; lastKnownFileType = sourcecode.swift; path = Repository.swift; sourceTree = "<group>"; };
		A8EFA7612E7BC6C7007C4D51 /* GitHubService.swift */ = {isa = PBXFileReference; lastKnownFileType = sourcecode.swift; path = GitHubService.swift; sourceTree = "<group>"; };
		A8EFA7632E7BC6F5007C4D51 /* RepositoryListViewModel.swift */ = {isa = PBXFileReference; lastKnownFileType = sourcecode.swift; path = RepositoryListViewModel.swift; sourceTree = "<group>"; };
		A8EFA7652E7BC70F007C4D51 /* RepositoryRowView.swift */ = {isa = PBXFileReference; lastKnownFileType = sourcecode.swift; path = RepositoryRowView.swift; sourceTree = "<group>"; };
/* End PBXFileReference section */

/* Begin PBXFileSystemSynchronizedRootGroup section */
		A8EFA7362E7BC5A1007C4D51 /* GitHubRepoViewerTests */ = {
			isa = PBXFileSystemSynchronizedRootGroup;
			path = GitHubRepoViewerTests;
			sourceTree = "<group>";
		};
		A8EFA7402E7BC5A1007C4D51 /* GitHubRepoViewerUITests */ = {
			isa = PBXFileSystemSynchronizedRootGroup;
			path = GitHubRepoViewerUITests;
			sourceTree = "<group>";
		};
/* End PBXFileSystemSynchronizedRootGroup section */

/* Begin PBXFrameworksBuildPhase section */
		A8EFA7202E7BC59C007C4D51 /* Frameworks */ = {
			isa = PBXFrameworksBuildPhase;
			buildActionMask = 2147483647;
			files = (
			);
			runOnlyForDeploymentPostprocessing = 0;
		};
		A8EFA7302E7BC5A1007C4D51 /* Frameworks */ = {
			isa = PBXFrameworksBuildPhase;
			buildActionMask = 2147483647;
			files = (
			);
			runOnlyForDeploymentPostprocessing = 0;
		};
		A8EFA73A2E7BC5A1007C4D51 /* Frameworks */ = {
			isa = PBXFrameworksBuildPhase;
			buildActionMask = 2147483647;
			files = (
			);
			runOnlyForDeploymentPostprocessing = 0;
		};
/* End PBXFrameworksBuildPhase section */

/* Begin PBXGroup section */
		A8EFA71A2E7BC59C007C4D51 = {
			isa = PBXGroup;
			children = (
				A8EFA7362E7BC5A1007C4D51 /* GitHubRepoViewerTests */,
				A8EFA7402E7BC5A1007C4D51 /* GitHubRepoViewerUITests */,
				A8EFA7242E7BC59C007C4D51 /* Products */,
				A8EFA7562E7BC632007C4D51 /* GitHubRepoViewer */,
			);
			sourceTree = "<group>";
		};
		A8EFA7242E7BC59C007C4D51 /* Products */ = {
			isa = PBXGroup;
			children = (
				A8EFA7232E7BC59C007C4D51 /* GitHubRepoViewer.app */,
				A8EFA7332E7BC5A1007C4D51 /* GitHubRepoViewerTests.xctest */,
				A8EFA73D2E7BC5A1007C4D51 /* GitHubRepoViewerUITests.xctest */,
			);
			name = Products;
			sourceTree = "<group>";
		};
		A8EFA7522E7BC632007C4D51 /* Preview Content */ = {
			isa = PBXGroup;
			children = (
				A8EFA7512E7BC632007C4D51 /* Preview Assets.xcassets */,
			);
			path = "Preview Content";
			sourceTree = "<group>";
		};
		A8EFA7562E7BC632007C4D51 /* GitHubRepoViewer */ = {
			isa = PBXGroup;
			children = (
				A8EFA75E2E7BC663007C4D51 /* Services */,
				A8EFA75D2E7BC65A007C4D51 /* Views */,
				A8EFA75C2E7BC651007C4D51 /* ViewModels */,
				A8EFA75B2E7BC637007C4D51 /* Models */,
				A8EFA7522E7BC632007C4D51 /* Preview Content */,
				A8EFA7532E7BC632007C4D51 /* Assets.xcassets */,
				A8EFA7542E7BC632007C4D51 /* ContentView.swift */,
				A8EFA7552E7BC632007C4D51 /* GitHubRepoViewerApp.swift */,
			);
			path = GitHubRepoViewer;
			sourceTree = "<group>";
		};
		A8EFA75B2E7BC637007C4D51 /* Models */ = {
			isa = PBXGroup;
			children = (
				A8EFA75F2E7BC678007C4D51 /* Repository.swift */,
			);
			path = Models;
			sourceTree = "<group>";
		};
		A8EFA75C2E7BC651007C4D51 /* ViewModels */ = {
			isa = PBXGroup;
			children = (
				A8EFA7632E7BC6F5007C4D51 /* RepositoryListViewModel.swift */,
			);
			path = ViewModels;
			sourceTree = "<group>";
		};
		A8EFA75D2E7BC65A007C4D51 /* Views */ = {
			isa = PBXGroup;
			children = (
				A8EFA7652E7BC70F007C4D51 /* RepositoryRowView.swift */,
			);
			path = Views;
			sourceTree = "<group>";
		};
		A8EFA75E2E7BC663007C4D51 /* Services */ = {
			isa = PBXGroup;
			children = (
				A8EFA7612E7BC6C7007C4D51 /* GitHubService.swift */,
			);
			path = Services;
			sourceTree = "<group>";
		};
/* End PBXGroup section */

/* Begin PBXNativeTarget section */
		A8EFA7222E7BC59C007C4D51 /* GitHubRepoViewer */ = {
			isa = PBXNativeTarget;
			buildConfigurationList = A8EFA7472E7BC5A1007C4D51 /* Build configuration list for PBXNativeTarget "GitHubRepoViewer" */;
			buildPhases = (
				A8EFA71F2E7BC59C007C4D51 /* Sources */,
				A8EFA7202E7BC59C007C4D51 /* Frameworks */,
				A8EFA7212E7BC59C007C4D51 /* Resources */,
			);
			buildRules = (
			);
			dependencies = (
			);
			name = GitHubRepoViewer;
			packageProductDependencies = (
			);
			productName = GitHubRepoViewer;
			productReference = A8EFA7232E7BC59C007C4D51 /* GitHubRepoViewer.app */;
			productType = "com.apple.product-type.application";
		};
		A8EFA7322E7BC5A1007C4D51 /* GitHubRepoViewerTests */ = {
			isa = PBXNativeTarget;
			buildConfigurationList = A8EFA74A2E7BC5A1007C4D51 /* Build configuration list for PBXNativeTarget "GitHubRepoViewerTests" */;
			buildPhases = (
				A8EFA72F2E7BC5A1007C4D51 /* Sources */,
				A8EFA7302E7BC5A1007C4D51 /* Frameworks */,
				A8EFA7312E7BC5A1007C4D51 /* Resources */,
			);
			buildRules = (
			);
			dependencies = (
				A8EFA7352E7BC5A1007C4D51 /* PBXTargetDependency */,
			);
			fileSystemSynchronizedGroups = (
				A8EFA7362E7BC5A1007C4D51 /* GitHubRepoViewerTests */,
			);
			name = GitHubRepoViewerTests;
			packageProductDependencies = (
			);
			productName = GitHubRepoViewerTests;
			productReference = A8EFA7332E7BC5A1007C4D51 /* GitHubRepoViewerTests.xctest */;
			productType = "com.apple.product-type.bundle.unit-test";
		};
		A8EFA73C2E7BC5A1007C4D51 /* GitHubRepoViewerUITests */ = {
			isa = PBXNativeTarget;
			buildConfigurationList = A8EFA74D2E7BC5A1007C4D51 /* Build configuration list for PBXNativeTarget "GitHubRepoViewerUITests" */;
			buildPhases = (
				A8EFA7392E7BC5A1007C4D51 /* Sources */,
				A8EFA73A2E7BC5A1007C4D51 /* Frameworks */,
				A8EFA73B2E7BC5A1007C4D51 /* Resources */,
			);
			buildRules = (
			);
			dependencies = (
				A8EFA73F2E7BC5A1007C4D51 /* PBXTargetDependency */,
			);
			fileSystemSynchronizedGroups = (
				A8EFA7402E7BC5A1007C4D51 /* GitHubRepoViewerUITests */,
			);
			name = GitHubRepoViewerUITests;
			packageProductDependencies = (
			);
			productName = GitHubRepoViewerUITests;
			productReference = A8EFA73D2E7BC5A1007C4D51 /* GitHubRepoViewerUITests.xctest */;
			productType = "com.apple.product-type.bundle.ui-testing";
		};
/* End PBXNativeTarget section */

/* Begin PBXProject section */
		A8EFA71B2E7BC59C007C4D51 /* Project object */ = {
			isa = PBXProject;
			attributes = {
				BuildIndependentTargetsInParallel = 1;
				LastSwiftUpdateCheck = 1620;
				LastUpgradeCheck = 1620;
				TargetAttributes = {
					A8EFA7222E7BC59C007C4D51 = {
						CreatedOnToolsVersion = 16.2;
					};
					A8EFA7322E7BC5A1007C4D51 = {
						CreatedOnToolsVersion = 16.2;
						TestTargetID = A8EFA7222E7BC59C007C4D51;
					};
					A8EFA73C2E7BC5A1007C4D51 = {
						CreatedOnToolsVersion = 16.2;
						TestTargetID = A8EFA7222E7BC59C007C4D51;
					};
				};
			};
			buildConfigurationList = A8EFA71E2E7BC59C007C4D51 /* Build configuration list for PBXProject "GitHubRepoViewer" */;
			developmentRegion = en;
			hasScannedForEncodings = 0;
			knownRegions = (
				en,
				Base,
			);
			mainGroup = A8EFA71A2E7BC59C007C4D51;
			minimizedProjectReferenceProxies = 1;
			preferredProjectObjectVersion = 77;
			productRefGroup = A8EFA7242E7BC59C007C4D51 /* Products */;
			projectDirPath = "";
			projectRoot = "";
			targets = (
				A8EFA7222E7BC59C007C4D51 /* GitHubRepoViewer */,
				A8EFA7322E7BC5A1007C4D51 /* GitHubRepoViewerTests */,
				A8EFA73C2E7BC5A1007C4D51 /* GitHubRepoViewerUITests */,
			);
		};
/* End PBXProject section */

/* Begin PBXResourcesBuildPhase section */
		A8EFA7212E7BC59C007C4D51 /* Resources */ = {
			isa = PBXResourcesBuildPhase;
			buildActionMask = 2147483647;
			files = (
				A8EFA7592E7BC632007C4D51 /* Preview Assets.xcassets in Resources */,
				A8EFA75A2E7BC632007C4D51 /* Assets.xcassets in Resources */,
			);
			runOnlyForDeploymentPostprocessing = 0;
		};
		A8EFA7312E7BC5A1007C4D51 /* Resources */ = {
			isa = PBXResourcesBuildPhase;
			buildActionMask = 2147483647;
			files = (
			);
			runOnlyForDeploymentPostprocessing = 0;
		};
		A8EFA73B2E7BC5A1007C4D51 /* Resources */ = {
			isa = PBXResourcesBuildPhase;
			buildActionMask = 2147483647;
			files = (
			);
			runOnlyForDeploymentPostprocessing = 0;
		};
/* End PBXResourcesBuildPhase section */

/* Begin PBXSourcesBuildPhase section */
		A8EFA71F2E7BC59C007C4D51 /* Sources */ = {
			isa = PBXSourcesBuildPhase;
			buildActionMask = 2147483647;
			files = (
				A8EFA7602E7BC683007C4D51 /* Repository.swift in Sources */,
				A8EFA7572E7BC632007C4D51 /* ContentView.swift in Sources */,
				A8EFA7622E7BC6C9007C4D51 /* GitHubService.swift in Sources */,
				A8EFA7662E7BC711007C4D51 /* RepositoryRowView.swift in Sources */,
				A8EFA7582E7BC632007C4D51 /* GitHubRepoViewerApp.swift in Sources */,
				A8EFA7642E7BC6F7007C4D51 /* RepositoryListViewModel.swift in Sources */,
			);
			runOnlyForDeploymentPostprocessing = 0;
		};
		A8EFA72F2E7BC5A1007C4D51 /* Sources */ = {
			isa = PBXSourcesBuildPhase;
			buildActionMask = 2147483647;
			files = (
			);
			runOnlyForDeploymentPostprocessing = 0;
		};
		A8EFA7392E7BC5A1007C4D51 /* Sources */ = {
			isa = PBXSourcesBuildPhase;
			buildActionMask = 2147483647;
			files = (
			);
			runOnlyForDeploymentPostprocessing = 0;
		};
/* End PBXSourcesBuildPhase section */

/* Begin PBXTargetDependency section */
		A8EFA7352E7BC5A1007C4D51 /* PBXTargetDependency */ = {
			isa = PBXTargetDependency;
			target = A8EFA7222E7BC59C007C4D51 /* GitHubRepoViewer */;
			targetProxy = A8EFA7342E7BC5A1007C4D51 /* PBXContainerItemProxy */;
		};
		A8EFA73F2E7BC5A1007C4D51 /* PBXTargetDependency */ = {
			isa = PBXTargetDependency;
			target = A8EFA7222E7BC59C007C4D51 /* GitHubRepoViewer */;
			targetProxy = A8EFA73E2E7BC5A1007C4D51 /* PBXContainerItemProxy */;
		};
/* End PBXTargetDependency section */

/* Begin XCBuildConfiguration section */
		A8EFA7452E7BC5A1007C4D51 /* Debug */ = {
			isa = XCBuildConfiguration;
			buildSettings = {
				ALWAYS_SEARCH_USER_PATHS = NO;
				ASSETCATALOG_COMPILER_GENERATE_SWIFT_ASSET_SYMBOL_EXTENSIONS = YES;
				CLANG_ANALYZER_NONNULL = YES;
				CLANG_ANALYZER_NUMBER_OBJECT_CONVERSION = YES_AGGRESSIVE;
				CLANG_CXX_LANGUAGE_STANDARD = "gnu++20";
				CLANG_ENABLE_MODULES = YES;
				CLANG_ENABLE_OBJC_ARC = YES;
				CLANG_ENABLE_OBJC_WEAK = YES;
				CLANG_WARN_BLOCK_CAPTURE_AUTORELEASING = YES;
				CLANG_WARN_BOOL_CONVERSION = YES;
				CLANG_WARN_COMMA = YES;
				CLANG_WARN_CONSTANT_CONVERSION = YES;
				CLANG_WARN_DEPRECATED_OBJC_IMPLEMENTATIONS = YES;
				CLANG_WARN_DIRECT_OBJC_ISA_USAGE = YES_ERROR;
				CLANG_WARN_DOCUMENTATION_COMMENTS = YES;
				CLANG_WARN_EMPTY_BODY = YES;
				CLANG_WARN_ENUM_CONVERSION = YES;
				CLANG_WARN_INFINITE_RECURSION = YES;
				CLANG_WARN_INT_CONVERSION = YES;
				CLANG_WARN_NON_LITERAL_NULL_CONVERSION = YES;
				CLANG_WARN_OBJC_IMPLICIT_RETAIN_SELF = YES;
				CLANG_WARN_OBJC_LITERAL_CONVERSION = YES;
				CLANG_WARN_OBJC_ROOT_CLASS = YES_ERROR;
				CLANG_WARN_QUOTED_INCLUDE_IN_FRAMEWORK_HEADER = YES;
				CLANG_WARN_RANGE_LOOP_ANALYSIS = YES;
				CLANG_WARN_STRICT_PROTOTYPES = YES;
				CLANG_WARN_SUSPICIOUS_MOVE = YES;
				CLANG_WARN_UNGUARDED_AVAILABILITY = YES_AGGRESSIVE;
				CLANG_WARN_UNREACHABLE_CODE = YES;
				CLANG_WARN__DUPLICATE_METHOD_MATCH = YES;
				COPY_PHASE_STRIP = NO;
				DEBUG_INFORMATION_FORMAT = dwarf;
				ENABLE_STRICT_OBJC_MSGSEND = YES;
				ENABLE_TESTABILITY = YES;
				ENABLE_USER_SCRIPT_SANDBOXING = YES;
				GCC_C_LANGUAGE_STANDARD = gnu17;
				GCC_DYNAMIC_NO_PIC = NO;
				GCC_NO_COMMON_BLOCKS = YES;
				GCC_OPTIMIZATION_LEVEL = 0;
				GCC_PREPROCESSOR_DEFINITIONS = (
					"DEBUG=1",
					"$(inherited)",
				);
				GCC_WARN_64_TO_32_BIT_CONVERSION = YES;
				GCC_WARN_ABOUT_RETURN_TYPE = YES_ERROR;
				GCC_WARN_UNDECLARED_SELECTOR = YES;
				GCC_WARN_UNINITIALIZED_AUTOS = YES_AGGRESSIVE;
				GCC_WARN_UNUSED_FUNCTION = YES;
				GCC_WARN_UNUSED_VARIABLE = YES;
				IPHONEOS_DEPLOYMENT_TARGET = 18.2;
				LOCALIZATION_PREFERS_STRING_CATALOGS = YES;
				MTL_ENABLE_DEBUG_INFO = INCLUDE_SOURCE;
				MTL_FAST_MATH = YES;
				ONLY_ACTIVE_ARCH = YES;
				SDKROOT = iphoneos;
				SWIFT_ACTIVE_COMPILATION_CONDITIONS = "DEBUG $(inherited)";
				SWIFT_OPTIMIZATION_LEVEL = "-Onone";
			};
			name = Debug;
		};
		A8EFA7462E7BC5A1007C4D51 /* Release */ = {
			isa = XCBuildConfiguration;
			buildSettings = {
				ALWAYS_SEARCH_USER_PATHS = NO;
				ASSETCATALOG_COMPILER_GENERATE_SWIFT_ASSET_SYMBOL_EXTENSIONS = YES;
				CLANG_ANALYZER_NONNULL = YES;
				CLANG_ANALYZER_NUMBER_OBJECT_CONVERSION = YES_AGGRESSIVE;
				CLANG_CXX_LANGUAGE_STANDARD = "gnu++20";
				CLANG_ENABLE_MODULES = YES;
				CLANG_ENABLE_OBJC_ARC = YES;
				CLANG_ENABLE_OBJC_WEAK = YES;
				CLANG_WARN_BLOCK_CAPTURE_AUTORELEASING = YES;
				CLANG_WARN_BOOL_CONVERSION = YES;
				CLANG_WARN_COMMA = YES;
				CLANG_WARN_CONSTANT_CONVERSION = YES;
				CLANG_WARN_DEPRECATED_OBJC_IMPLEMENTATIONS = YES;
				CLANG_WARN_DIRECT_OBJC_ISA_USAGE = YES_ERROR;
				CLANG_WARN_DOCUMENTATION_COMMENTS = YES;
				CLANG_WARN_EMPTY_BODY = YES;
				CLANG_WARN_ENUM_CONVERSION = YES;
				CLANG_WARN_INFINITE_RECURSION = YES;
				CLANG_WARN_INT_CONVERSION = YES;
				CLANG_WARN_NON_LITERAL_NULL_CONVERSION = YES;
				CLANG_WARN_OBJC_IMPLICIT_RETAIN_SELF = YES;
				CLANG_WARN_OBJC_LITERAL_CONVERSION = YES;
				CLANG_WARN_OBJC_ROOT_CLASS = YES_ERROR;
				CLANG_WARN_QUOTED_INCLUDE_IN_FRAMEWORK_HEADER = YES;
				CLANG_WARN_RANGE_LOOP_ANALYSIS = YES;
				CLANG_WARN_STRICT_PROTOTYPES = YES;
				CLANG_WARN_SUSPICIOUS_MOVE = YES;
				CLANG_WARN_UNGUARDED_AVAILABILITY = YES_AGGRESSIVE;
				CLANG_WARN_UNREACHABLE_CODE = YES;
				CLANG_WARN__DUPLICATE_METHOD_MATCH = YES;
				COPY_PHASE_STRIP = NO;
				DEBUG_INFORMATION_FORMAT = "dwarf-with-dsym";
				ENABLE_NS_ASSERTIONS = NO;
				ENABLE_STRICT_OBJC_MSGSEND = YES;
				ENABLE_USER_SCRIPT_SANDBOXING = YES;
				GCC_C_LANGUAGE_STANDARD = gnu17;
				GCC_NO_COMMON_BLOCKS = YES;
				GCC_WARN_64_TO_32_BIT_CONVERSION = YES;
				GCC_WARN_ABOUT_RETURN_TYPE = YES_ERROR;
				GCC_WARN_UNDECLARED_SELECTOR = YES;
				GCC_WARN_UNINITIALIZED_AUTOS = YES_AGGRESSIVE;
				GCC_WARN_UNUSED_FUNCTION = YES;
				GCC_WARN_UNUSED_VARIABLE = YES;
				IPHONEOS_DEPLOYMENT_TARGET = 18.2;
				LOCALIZATION_PREFERS_STRING_CATALOGS = YES;
				MTL_ENABLE_DEBUG_INFO = NO;
				MTL_FAST_MATH = YES;
				SDKROOT = iphoneos;
				SWIFT_COMPILATION_MODE = wholemodule;
				VALIDATE_PRODUCT = YES;
			};
			name = Release;
		};
		A8EFA7482E7BC5A1007C4D51 /* Debug */ = {
			isa = XCBuildConfiguration;
			buildSettings = {
				ASSETCATALOG_COMPILER_APPICON_NAME = AppIcon;
				ASSETCATALOG_COMPILER_GLOBAL_ACCENT_COLOR_NAME = AccentColor;
				CODE_SIGN_STYLE = Automatic;
				CURRENT_PROJECT_VERSION = 1;
				DEVELOPMENT_ASSET_PATHS = "\"GitHubRepoViewer/Preview Content\"";
				ENABLE_PREVIEWS = YES;
				GENERATE_INFOPLIST_FILE = YES;
				INFOPLIST_KEY_UIApplicationSceneManifest_Generation = YES;
				INFOPLIST_KEY_UIApplicationSupportsIndirectInputEvents = YES;
				INFOPLIST_KEY_UILaunchScreen_Generation = YES;
				INFOPLIST_KEY_UISupportedInterfaceOrientations_iPad = "UIInterfaceOrientationPortrait UIInterfaceOrientationPortraitUpsideDown UIInterfaceOrientationLandscapeLeft UIInterfaceOrientationLandscapeRight";
				INFOPLIST_KEY_UISupportedInterfaceOrientations_iPhone = "UIInterfaceOrientationPortrait UIInterfaceOrientationLandscapeLeft UIInterfaceOrientationLandscapeRight";
				LD_RUNPATH_SEARCH_PATHS = (
					"$(inherited)",
					"@executable_path/Frameworks",
				);
				MARKETING_VERSION = 1.0;
				PRODUCT_BUNDLE_IDENTIFIER = com.test.githubrepoviewer.GitHubRepoViewer;
				PRODUCT_NAME = "$(TARGET_NAME)";
				SWIFT_EMIT_LOC_STRINGS = YES;
				SWIFT_VERSION = 5.0;
				TARGETED_DEVICE_FAMILY = "1,2";
			};
			name = Debug;
		};
		A8EFA7492E7BC5A1007C4D51 /* Release */ = {
			isa = XCBuildConfiguration;
			buildSettings = {
				ASSETCATALOG_COMPILER_APPICON_NAME = AppIcon;
				ASSETCATALOG_COMPILER_GLOBAL_ACCENT_COLOR_NAME = AccentColor;
				CODE_SIGN_STYLE = Automatic;
				CURRENT_PROJECT_VERSION = 1;
				DEVELOPMENT_ASSET_PATHS = "\"GitHubRepoViewer/Preview Content\"";
				ENABLE_PREVIEWS = YES;
				GENERATE_INFOPLIST_FILE = YES;
				INFOPLIST_KEY_UIApplicationSceneManifest_Generation = YES;
				INFOPLIST_KEY_UIApplicationSupportsIndirectInputEvents = YES;
				INFOPLIST_KEY_UILaunchScreen_Generation = YES;
				INFOPLIST_KEY_UISupportedInterfaceOrientations_iPad = "UIInterfaceOrientationPortrait UIInterfaceOrientationPortraitUpsideDown UIInterfaceOrientationLandscapeLeft UIInterfaceOrientationLandscapeRight";
				INFOPLIST_KEY_UISupportedInterfaceOrientations_iPhone = "UIInterfaceOrientationPortrait UIInterfaceOrientationLandscapeLeft UIInterfaceOrientationLandscapeRight";
				LD_RUNPATH_SEARCH_PATHS = (
					"$(inherited)",
					"@executable_path/Frameworks",
				);
				MARKETING_VERSION = 1.0;
				PRODUCT_BUNDLE_IDENTIFIER = com.test.githubrepoviewer.GitHubRepoViewer;
				PRODUCT_NAME = "$(TARGET_NAME)";
				SWIFT_EMIT_LOC_STRINGS = YES;
				SWIFT_VERSION = 5.0;
				TARGETED_DEVICE_FAMILY = "1,2";
			};
			name = Release;
		};
		A8EFA74B2E7BC5A1007C4D51 /* Debug */ = {
			isa = XCBuildConfiguration;
			buildSettings = {
				BUNDLE_LOADER = "$(TEST_HOST)";
				CODE_SIGN_STYLE = Automatic;
				CURRENT_PROJECT_VERSION = 1;
				GENERATE_INFOPLIST_FILE = YES;
				IPHONEOS_DEPLOYMENT_TARGET = 18.2;
				MARKETING_VERSION = 1.0;
				PRODUCT_BUNDLE_IDENTIFIER = com.test.githubrepoviewer.GitHubRepoViewerTests;
				PRODUCT_NAME = "$(TARGET_NAME)";
				SWIFT_EMIT_LOC_STRINGS = NO;
				SWIFT_VERSION = 5.0;
				TARGETED_DEVICE_FAMILY = "1,2";
				TEST_HOST = "$(BUILT_PRODUCTS_DIR)/GitHubRepoViewer.app/$(BUNDLE_EXECUTABLE_FOLDER_PATH)/GitHubRepoViewer";
			};
			name = Debug;
		};
		A8EFA74C2E7BC5A1007C4D51 /* Release */ = {
			isa = XCBuildConfiguration;
			buildSettings = {
				BUNDLE_LOADER = "$(TEST_HOST)";
				CODE_SIGN_STYLE = Automatic;
				CURRENT_PROJECT_VERSION = 1;
				GENERATE_INFOPLIST_FILE = YES;
				IPHONEOS_DEPLOYMENT_TARGET = 18.2;
				MARKETING_VERSION = 1.0;
				PRODUCT_BUNDLE_IDENTIFIER = com.test.githubrepoviewer.GitHubRepoViewerTests;
				PRODUCT_NAME = "$(TARGET_NAME)";
				SWIFT_EMIT_LOC_STRINGS = NO;
				SWIFT_VERSION = 5.0;
				TARGETED_DEVICE_FAMILY = "1,2";
				TEST_HOST = "$(BUILT_PRODUCTS_DIR)/GitHubRepoViewer.app/$(BUNDLE_EXECUTABLE_FOLDER_PATH)/GitHubRepoViewer";
			};
			name = Release;
		};
		A8EFA74E2E7BC5A1007C4D51 /* Debug */ = {
			isa = XCBuildConfiguration;
			buildSettings = {
				CODE_SIGN_STYLE = Automatic;
				CURRENT_PROJECT_VERSION = 1;
				GENERATE_INFOPLIST_FILE = YES;
				MARKETING_VERSION = 1.0;
				PRODUCT_BUNDLE_IDENTIFIER = com.test.githubrepoviewer.GitHubRepoViewerUITests;
				PRODUCT_NAME = "$(TARGET_NAME)";
				SWIFT_EMIT_LOC_STRINGS = NO;
				SWIFT_VERSION = 5.0;
				TARGETED_DEVICE_FAMILY = "1,2";
				TEST_TARGET_NAME = GitHubRepoViewer;
			};
			name = Debug;
		};
		A8EFA74F2E7BC5A1007C4D51 /* Release */ = {
			isa = XCBuildConfiguration;
			buildSettings = {
				CODE_SIGN_STYLE = Automatic;
				CURRENT_PROJECT_VERSION = 1;
				GENERATE_INFOPLIST_FILE = YES;
				MARKETING_VERSION = 1.0;
				PRODUCT_BUNDLE_IDENTIFIER = com.test.githubrepoviewer.GitHubRepoViewerUITests;
				PRODUCT_NAME = "$(TARGET_NAME)";
				SWIFT_EMIT_LOC_STRINGS = NO;
				SWIFT_VERSION = 5.0;
				TARGETED_DEVICE_FAMILY = "1,2";
				TEST_TARGET_NAME = GitHubRepoViewer;
			};
			name = Release;
		};
/* End XCBuildConfiguration section */

/* Begin XCConfigurationList section */
		A8EFA71E2E7BC59C007C4D51 /* Build configuration list for PBXProject "GitHubRepoViewer" */ = {
			isa = XCConfigurationList;
			buildConfigurations = (
				A8EFA7452E7BC5A1007C4D51 /* Debug */,
				A8EFA7462E7BC5A1007C4D51 /* Release */,
			);
			defaultConfigurationIsVisible = 0;
			defaultConfigurationName = Release;
		};
		A8EFA7472E7BC5A1007C4D51 /* Build configuration list for PBXNativeTarget "GitHubRepoViewer" */ = {
			isa = XCConfigurationList;
			buildConfigurations = (
				A8EFA7482E7BC5A1007C4D51 /* Debug */,
				A8EFA7492E7BC5A1007C4D51 /* Release */,
			);
			defaultConfigurationIsVisible = 0;
			defaultConfigurationName = Release;
		};
		A8EFA74A2E7BC5A1007C4D51 /* Build configuration list for PBXNativeTarget "GitHubRepoViewerTests" */ = {
			isa = XCConfigurationList;
			buildConfigurations = (
				A8EFA74B2E7BC5A1007C4D51 /* Debug */,
				A8EFA74C2E7BC5A1007C4D51 /* Release */,
			);
			defaultConfigurationIsVisible = 0;
			defaultConfigurationName = Release;
		};
		A8EFA74D2E7BC5A1007C4D51 /* Build configuration list for PBXNativeTarget "GitHubRepoViewerUITests" */ = {
			isa = XCConfigurationList;
			buildConfigurations = (
				A8EFA74E2E7BC5A1007C4D51 /* Debug */,
				A8EFA74F2E7BC5A1007C4D51 /* Release */,
			);
			defaultConfigurationIsVisible = 0;
			defaultConfigurationName = Release;
		};
/* End XCConfigurationList section */
	};
	rootObject = A8EFA71B2E7BC59C007C4D51 /* Project object */;
}
